# This file is automatically @generated by Cargo.
# It is not intended for manual editing.
version = 4

[[package]]
name = "cara"
version = "0.6.0"
dependencies = [
 "dashu-int",
 "snmalloc-rs",
]

[[package]]
name = "cc"
version = "1.2.20"
source = "registry+https://github.com/rust-lang/crates.io-index"
checksum = "04da6a0d40b948dfc4fa8f5bbf402b0fc1a64a28dbf7d12ffd683550f2c1b63a"
dependencies = [
 "shlex",
]

[[package]]
name = "cfg-if"
version = "1.0.0"
source = "registry+https://github.com/rust-lang/crates.io-index"
checksum = "baf1de4339761588bc0619e3cbc0120ee582ebb74b53b4efbf79117bd2da40fd"

[[package]]
name = "cmake"
version = "0.1.54"
source = "registry+https://github.com/rust-lang/crates.io-index"
checksum = "e7caa3f9de89ddbe2c607f4101924c5abec803763ae9534e4f4d7d8f84aa81f0"
dependencies = [
 "cc",
]

[[package]]
name = "dashu-base"
version = "0.4.1"
source = "registry+https://github.com/rust-lang/crates.io-index"
checksum = "c0b80bf6b85aa68c58ffea2ddb040109943049ce3fbdf4385d0380aef08ef289"

[[package]]
name = "dashu-int"
version = "0.4.1"
source = "registry+https://github.com/rust-lang/crates.io-index"
checksum = "ee99d08031ca34a4d044efbbb21dff9b8c54bb9d8c82a189187c0651ffdb9fbf"
dependencies = [
 "cfg-if",
 "dashu-base",
 "num-modular",
 "rustversion",
 "static_assertions",
]

[[package]]
name = "num-modular"
version = "0.6.1"
source = "registry+https://github.com/rust-lang/crates.io-index"
checksum = "17bb261bf36fa7d83f4c294f834e91256769097b3cb505d44831e0a179ac647f"

[[package]]
name = "rustversion"
version = "1.0.20"
source = "registry+https://github.com/rust-lang/crates.io-index"
checksum = "eded382c5f5f786b989652c49544c4877d9f015cc22e145a5ea8ea66c2921cd2"

[[package]]
name = "shlex"
version = "1.3.0"
source = "registry+https://github.com/rust-lang/crates.io-index"
checksum = "0fda2ff0d084019ba4d7c6f371c95d8fd75ce3524c3cb8fb653a3023f6323e64"

[[package]]
name = "snmalloc-rs"
version = "0.3.8"
source = "registry+https://github.com/rust-lang/crates.io-index"
checksum = "eb317153089fdfa4d8a2eec059d40a5a23c3bde43995ea23b19121c3f621e74a"
dependencies = [
 "snmalloc-sys",
]

[[package]]
name = "snmalloc-sys"
version = "0.3.8"
source = "registry+https://github.com/rust-lang/crates.io-index"
checksum = "065fea53d32bb77bc36cca466cb191f2e5216ebfd0ed360b1d64889ee6e559ea"
dependencies = [
 "cmake",
]

[[package]]
name = "static_assertions"
version = "1.1.0"
source = "registry+https://github.com/rust-lang/crates.io-index"
checksum = "a2eb9349b6444b326872e140eb1cf5e7c522154d69e7a0ffb0fb81c06b37543f"
