# This file is automatically @generated by Cargo.
# It is not intended for manual editing.
version = 4

[[package]]
name = "autocfg"
version = "1.4.0"
source = "registry+https://github.com/rust-lang/crates.io-index"
checksum = "ace50bade8e6234aa140d9a2f552bbee1db4d353f69b8217bc503490fc1a9f26"

[[package]]
name = "cara"
version = "0.6.0"
dependencies = [
 "dashu-int",
 "snmalloc-rs",
 "spin",
]

[[package]]
name = "cc"
version = "1.1.31"
source = "registry+https://github.com/rust-lang/crates.io-index"
checksum = "c2e7962b54006dcfcc61cb72735f4d89bb97061dd6a7ed882ec6b8ee53714c6f"
dependencies = [
 "shlex",
]

[[package]]
name = "cfg-if"
version = "1.0.0"
source = "registry+https://github.com/rust-lang/crates.io-index"
checksum = "baf1de4339761588bc0619e3cbc0120ee582ebb74b53b4efbf79117bd2da40fd"

[[package]]
name = "cmake"
version = "0.1.51"
source = "registry+https://github.com/rust-lang/crates.io-index"
checksum = "fb1e43aa7fd152b1f968787f7dbcdeb306d1867ff373c69955211876c053f91a"
dependencies = [
 "cc",
]

[[package]]
name = "dashu-base"
version = "0.4.1"
source = "registry+https://github.com/rust-lang/crates.io-index"
checksum = "c0b80bf6b85aa68c58ffea2ddb040109943049ce3fbdf4385d0380aef08ef289"

[[package]]
name = "dashu-int"
version = "0.4.1"
source = "registry+https://github.com/rust-lang/crates.io-index"
checksum = "ee99d08031ca34a4d044efbbb21dff9b8c54bb9d8c82a189187c0651ffdb9fbf"
dependencies = [
 "cfg-if",
 "dashu-base",
 "num-modular",
 "rustversion",
 "static_assertions",
]

[[package]]
name = "lock_api"
version = "0.4.12"
source = "registry+https://github.com/rust-lang/crates.io-index"
checksum = "07af8b9cdd281b7915f413fa73f29ebd5d55d0d3f0155584dade1ff18cea1b17"
dependencies = [
 "autocfg",
 "scopeguard",
]

[[package]]
name = "num-modular"
version = "0.6.1"
source = "registry+https://github.com/rust-lang/crates.io-index"
checksum = "17bb261bf36fa7d83f4c294f834e91256769097b3cb505d44831e0a179ac647f"

[[package]]
name = "rustversion"
version = "1.0.18"
source = "registry+https://github.com/rust-lang/crates.io-index"
checksum = "0e819f2bc632f285be6d7cd36e25940d45b2391dd6d9b939e79de557f7014248"

[[package]]
name = "scopeguard"
version = "1.2.0"
source = "registry+https://github.com/rust-lang/crates.io-index"
checksum = "94143f37725109f92c262ed2cf5e59bce7498c01bcc1502d7b9afe439a4e9f49"

[[package]]
name = "shlex"
version = "1.3.0"
source = "registry+https://github.com/rust-lang/crates.io-index"
checksum = "0fda2ff0d084019ba4d7c6f371c95d8fd75ce3524c3cb8fb653a3023f6323e64"

[[package]]
name = "snmalloc-rs"
version = "0.3.6"
source = "registry+https://github.com/rust-lang/crates.io-index"
checksum = "2504c9edd7ca7a1cfe637296dc0d263ce1e9975c4ec43f3652616ebce9d1df1c"
dependencies = [
 "snmalloc-sys",
]

[[package]]
name = "snmalloc-sys"
version = "0.3.6"
source = "registry+https://github.com/rust-lang/crates.io-index"
checksum = "8d448599db5c3263b35d67ab26a2399e74ca0265211f5f5dd4cb9f4c3ccada6a"
dependencies = [
 "cmake",
]

[[package]]
name = "spin"
version = "0.9.8"
source = "registry+https://github.com/rust-lang/crates.io-index"
checksum = "6980e8d7511241f8acf4aebddbb1ff938df5eebe98691418c4468d0b72a96a67"
dependencies = [
 "lock_api",
]

[[package]]
name = "static_assertions"
version = "1.1.0"
source = "registry+https://github.com/rust-lang/crates.io-index"
checksum = "a2eb9349b6444b326872e140eb1cf5e7c522154d69e7a0ffb0fb81c06b37543f"
